
Microsoft Visual Studio Solution File, Format Version 12.00
# Visual Studio 15
VisualStudioVersion = 15.0.27130.2024
MinimumVisualStudioVersion = 10.0.40219.1
Project("{FAE04EC0-301F-11D3-BF4B-00C04F79EFBC}") = "FTP_Upload", "FTP_Upload\FTP_Upload.csproj", "{D5D92229-7FB8-45E4-8556-38026233FA5C}"
EndProject
Global
	GlobalSection(SolutionConfigurationPlatforms) = preSolution
		Debug|Any CPU = Debug|Any CPU
		Release|Any CPU = Release|Any CPU
	EndGlobalSection
	GlobalSection(ProjectConfigurationPlatforms) = postSolution
		{D5D92229-7FB8-45E4-8556-38026233FA5C}.Debug|Any CPU.ActiveCfg = Debug|Any CPU
		{D5D92229-7FB8-45E4-8556-38026233FA5C}.Debug|Any CPU.Build.0 = Debug|Any CPU
		{D5D92229-7FB8-45E4-8556-38026233FA5C}.Release|Any CPU.ActiveCfg = Release|Any CPU
		{D5D92229-7FB8-45E4-8556-38026233FA5C}.Release|Any CPU.Build.0 = Release|Any CPU
	EndGlobalSection
	GlobalSection(SolutionProperties) = preSolution
		HideSolutionNode = FALSE
	EndGlobalSection
	GlobalSection(ExtensibilityGlobals) = postSolution
		SolutionGuid = {92A3051D-D745-46F7-A459-C20386ACD0E6}
	EndGlobalSection
EndGlobal
